
Microsoft Visual Studio Solution File, Format Version 12.00
# Visual Studio Version 17
VisualStudioVersion = 17.6.33815.320
MinimumVisualStudioVersion = 10.0.40219.1
Project("{FAE04EC0-301F-11D3-BF4B-00C04F79EFBC}") = "MyNewService", "MyNewService\MyNewService.csproj", "{E6DAF078-A216-4FC7-B9A4-C7FF3168AECE}"
EndProject
Global
	GlobalSection(SolutionConfigurationPlatforms) = preSolution
		Debug|Any CPU = Debug|Any CPU
		Release|Any CPU = Release|Any CPU
	EndGlobalSection
	GlobalSection(ProjectConfigurationPlatforms) = postSolution
		{E6DAF078-A216-4FC7-B9A4-C7FF3168AECE}.Debug|Any CPU.ActiveCfg = Debug|Any CPU
		{E6DAF078-A216-4FC7-B9A4-C7FF3168AECE}.Debug|Any CPU.Build.0 = Debug|Any CPU
		{E6DAF078-A216-4FC7-B9A4-C7FF3168AECE}.Release|Any CPU.ActiveCfg = Release|Any CPU
		{E6DAF078-A216-4FC7-B9A4-C7FF3168AECE}.Release|Any CPU.Build.0 = Release|Any CPU
	EndGlobalSection
	GlobalSection(SolutionProperties) = preSolution
		HideSolutionNode = FALSE
	EndGlobalSection
	GlobalSection(ExtensibilityGlobals) = postSolution
		SolutionGuid = {61E1B941-D7F6-4BF4-910F-AE99EA13555E}
	EndGlobalSection
EndGlobal
